Microsoft Visual Studio Solution File, Format Version 11.00
# Visual Studio 2008

Project("{F728BB28-73AA-9264-9620-FE2ABBBBE900}") = "Alterborne", "Assembly-CSharp-firstpass.csproj", "{B9B1D354-5472-B384-7F05-E5B79CA3F66C}"
EndProject
Project("{F728BB28-73AA-9264-9620-FE2ABBBBE900}") = "Alterborne", "Assembly-CSharp.csproj", "{E7A2BD74-0494-8D2A-A431-05ADAC6A672E}"
EndProject
Project("{F728BB28-73AA-9264-9620-FE2ABBBBE900}") = "Alterborne", "Assembly-CSharp-Editor.csproj", "{FF37F2F8-2456-FAB7-2F12-4868BD070A23}"
EndProject
Global
	GlobalSection(SolutionConfigurationPlatforms) = preSolution
		Debug|Any CPU = Debug|Any CPU
		Release|Any CPU = Release|Any CPU
	EndGlobalSection
	GlobalSection(ProjectConfigurationPlatforms) = postSolution
		{B9B1D354-5472-B384-7F05-E5B79CA3F66C}.Debug|Any CPU.ActiveCfg = Debug|Any CPU
		{B9B1D354-5472-B384-7F05-E5B79CA3F66C}.Debug|Any CPU.Build.0 = Debug|Any CPU
		{B9B1D354-5472-B384-7F05-E5B79CA3F66C}.Release|Any CPU.ActiveCfg = Release|Any CPU
		{B9B1D354-5472-B384-7F05-E5B79CA3F66C}.Release|Any CPU.Build.0 = Release|Any CPU
		{E7A2BD74-0494-8D2A-A431-05ADAC6A672E}.Debug|Any CPU.ActiveCfg = Debug|Any CPU
		{E7A2BD74-0494-8D2A-A431-05ADAC6A672E}.Debug|Any CPU.Build.0 = Debug|Any CPU
		{E7A2BD74-0494-8D2A-A431-05ADAC6A672E}.Release|Any CPU.ActiveCfg = Release|Any CPU
		{E7A2BD74-0494-8D2A-A431-05ADAC6A672E}.Release|Any CPU.Build.0 = Release|Any CPU
		{FF37F2F8-2456-FAB7-2F12-4868BD070A23}.Debug|Any CPU.ActiveCfg = Debug|Any CPU
		{FF37F2F8-2456-FAB7-2F12-4868BD070A23}.Debug|Any CPU.Build.0 = Debug|Any CPU
		{FF37F2F8-2456-FAB7-2F12-4868BD070A23}.Release|Any CPU.ActiveCfg = Release|Any CPU
		{FF37F2F8-2456-FAB7-2F12-4868BD070A23}.Release|Any CPU.Build.0 = Release|Any CPU
	EndGlobalSection
	GlobalSection(SolutionProperties) = preSolution
		HideSolutionNode = FALSE
	EndGlobalSection
	GlobalSection(MonoDevelopProperties) = preSolution
		StartupItem = Assembly-CSharp.csproj
	EndGlobalSection
EndGlobal
